
Microsoft Visual Studio Solution File, Format Version 12.00
# Visual Studio 15
VisualStudioVersion = 15.0.28307.1209
MinimumVisualStudioVersion = 10.0.40219.1
Project("{8BC9CEB8-8B4A-11D0-8D11-00A0C91BC942}") = "TestMeshObject", "TestMeshObject\TestMeshObject.vcxproj", "{C1946719-20F5-471B-99BB-BEBAE6B20273}"
EndProject
Project("{8BC9CEB8-8B4A-11D0-8D11-00A0C91BC942}") = "MeshObject", "MeshObject\MeshObject.vcxproj", "{981DBEE1-1F22-48E4-B567-A54F0D2EFA8C}"
EndProject
Global
	GlobalSection(SolutionConfigurationPlatforms) = preSolution
		Debug|x64 = Debug|x64
		Debug|x86 = Debug|x86
		Release|x64 = Release|x64
		Release|x86 = Release|x86
	EndGlobalSection
	GlobalSection(ProjectConfigurationPlatforms) = postSolution
		{C1946719-20F5-471B-99BB-BEBAE6B20273}.Debug|x64.ActiveCfg = Debug|x64
		{C1946719-20F5-471B-99BB-BEBAE6B20273}.Debug|x64.Build.0 = Debug|x64
		{C1946719-20F5-471B-99BB-BEBAE6B20273}.Debug|x86.ActiveCfg = Debug|Win32
		{C1946719-20F5-471B-99BB-BEBAE6B20273}.Debug|x86.Build.0 = Debug|Win32
		{C1946719-20F5-471B-99BB-BEBAE6B20273}.Release|x64.ActiveCfg = Release|x64
		{C1946719-20F5-471B-99BB-BEBAE6B20273}.Release|x64.Build.0 = Release|x64
		{C1946719-20F5-471B-99BB-BEBAE6B20273}.Release|x86.ActiveCfg = Release|Win32
		{C1946719-20F5-471B-99BB-BEBAE6B20273}.Release|x86.Build.0 = Release|Win32
		{981DBEE1-1F22-48E4-B567-A54F0D2EFA8C}.Debug|x64.ActiveCfg = Debug|x64
		{981DBEE1-1F22-48E4-B567-A54F0D2EFA8C}.Debug|x64.Build.0 = Debug|x64
		{981DBEE1-1F22-48E4-B567-A54F0D2EFA8C}.Debug|x86.ActiveCfg = Debug|Win32
		{981DBEE1-1F22-48E4-B567-A54F0D2EFA8C}.Debug|x86.Build.0 = Debug|Win32
		{981DBEE1-1F22-48E4-B567-A54F0D2EFA8C}.Release|x64.ActiveCfg = Release|x64
		{981DBEE1-1F22-48E4-B567-A54F0D2EFA8C}.Release|x64.Build.0 = Release|x64
		{981DBEE1-1F22-48E4-B567-A54F0D2EFA8C}.Release|x86.ActiveCfg = Release|Win32
		{981DBEE1-1F22-48E4-B567-A54F0D2EFA8C}.Release|x86.Build.0 = Release|Win32
	EndGlobalSection
	GlobalSection(SolutionProperties) = preSolution
		HideSolutionNode = FALSE
	EndGlobalSection
	GlobalSection(ExtensibilityGlobals) = postSolution
		SolutionGuid = {51D7CF5A-0708-46C0-AF85-BC44580AC50E}
	EndGlobalSection
EndGlobal
